<Solution>
  <Configurations>
    <Platform Name="Any CPU" />
    <Platform Name="x64" />
    <Platform Name="x86" />
  </Configurations>
  <Project Path="src/Tsk.CLI/Tsk.CLI.csproj" />
  <Project Path="src/Tsk.Domain/Tsk.Domain.csproj" />
  <Project Path="src/Tsk.Infrastructure/Tsk.Infrastructure.csproj" />
  <Project Path="tests/Tsk.Tests/Tsk.Tests.csproj" />
</Solution>
