
Microsoft Visual Studio Solution File, Format Version 12.00
# Visual Studio Version 17
VisualStudioVersion = 17.0.31903.59
MinimumVisualStudioVersion = 10.0.40219.1
Project("{FAE04EC0-301F-11D3-BF4B-00C04F79EFBC}") = "Tsk.Domain", "Tsk.Domain\Tsk.Domain.csproj", "{8B006F57-5775-49C3-8B1A-6EC9E25AC1FD}"
EndProject
Project("{FAE04EC0-301F-11D3-BF4B-00C04F79EFBC}") = "Tsk.CLI", "Tsk.CLI\Tsk.CLI.csproj", "{B4097CB2-2B1E-4A2E-B93D-AE7CC0285053}"
EndProject
Project("{FAE04EC0-301F-11D3-BF4B-00C04F79EFBC}") = "Tsk.Infrastructure", "Tsk.Infrastructure\Tsk.Infrastructure.csproj", "{8F78A0D3-096F-48FE-B0B2-F6E9FEA7A541}"
EndProject
Project("{FAE04EC0-301F-11D3-BF4B-00C04F79EFBC}") = "Tsk.Tests", "Tsk.Tests\Tsk.Tests.csproj", "{1304D708-9347-4C63-B5B4-B4C06D84D2C0}"
EndProject
Global
	GlobalSection(SolutionConfigurationPlatforms) = preSolution
		Debug|Any CPU = Debug|Any CPU
		Debug|x64 = Debug|x64
		Debug|x86 = Debug|x86
		Release|Any CPU = Release|Any CPU
		Release|x64 = Release|x64
		Release|x86 = Release|x86
	EndGlobalSection
	GlobalSection(ProjectConfigurationPlatforms) = postSolution
		{8B006F57-5775-49C3-8B1A-6EC9E25AC1FD}.Debug|Any CPU.ActiveCfg = Debug|Any CPU
		{8B006F57-5775-49C3-8B1A-6EC9E25AC1FD}.Debug|Any CPU.Build.0 = Debug|Any CPU
		{8B006F57-5775-49C3-8B1A-6EC9E25AC1FD}.Debug|x64.ActiveCfg = Debug|Any CPU
		{8B006F57-5775-49C3-8B1A-6EC9E25AC1FD}.Debug|x64.Build.0 = Debug|Any CPU
		{8B006F57-5775-49C3-8B1A-6EC9E25AC1FD}.Debug|x86.ActiveCfg = Debug|Any CPU
		{8B006F57-5775-49C3-8B1A-6EC9E25AC1FD}.Debug|x86.Build.0 = Debug|Any CPU
		{8B006F57-5775-49C3-8B1A-6EC9E25AC1FD}.Release|Any CPU.ActiveCfg = Release|Any CPU
		{8B006F57-5775-49C3-8B1A-6EC9E25AC1FD}.Release|Any CPU.Build.0 = Release|Any CPU
		{8B006F57-5775-49C3-8B1A-6EC9E25AC1FD}.Release|x64.ActiveCfg = Release|Any CPU
		{8B006F57-5775-49C3-8B1A-6EC9E25AC1FD}.Release|x64.Build.0 = Release|Any CPU
		{8B006F57-5775-49C3-8B1A-6EC9E25AC1FD}.Release|x86.ActiveCfg = Release|Any CPU
		{8B006F57-5775-49C3-8B1A-6EC9E25AC1FD}.Release|x86.Build.0 = Release|Any CPU
		{B4097CB2-2B1E-4A2E-B93D-AE7CC0285053}.Debug|Any CPU.ActiveCfg = Debug|Any CPU
		{B4097CB2-2B1E-4A2E-B93D-AE7CC0285053}.Debug|Any CPU.Build.0 = Debug|Any CPU
		{B4097CB2-2B1E-4A2E-B93D-AE7CC0285053}.Debug|x64.ActiveCfg = Debug|Any CPU
		{B4097CB2-2B1E-4A2E-B93D-AE7CC0285053}.Debug|x64.Build.0 = Debug|Any CPU
		{B4097CB2-2B1E-4A2E-B93D-AE7CC0285053}.Debug|x86.ActiveCfg = Debug|Any CPU
		{B4097CB2-2B1E-4A2E-B93D-AE7CC0285053}.Debug|x86.Build.0 = Debug|Any CPU
		{B4097CB2-2B1E-4A2E-B93D-AE7CC0285053}.Release|Any CPU.ActiveCfg = Release|Any CPU
		{B4097CB2-2B1E-4A2E-B93D-AE7CC0285053}.Release|Any CPU.Build.0 = Release|Any CPU
		{B4097CB2-2B1E-4A2E-B93D-AE7CC0285053}.Release|x64.ActiveCfg = Release|Any CPU
		{B4097CB2-2B1E-4A2E-B93D-AE7CC0285053}.Release|x64.Build.0 = Release|Any CPU
		{B4097CB2-2B1E-4A2E-B93D-AE7CC0285053}.Release|x86.ActiveCfg = Release|Any CPU
		{B4097CB2-2B1E-4A2E-B93D-AE7CC0285053}.Release|x86.Build.0 = Release|Any CPU
		{8F78A0D3-096F-48FE-B0B2-F6E9FEA7A541}.Debug|Any CPU.ActiveCfg = Debug|Any CPU
		{8F78A0D3-096F-48FE-B0B2-F6E9FEA7A541}.Debug|Any CPU.Build.0 = Debug|Any CPU
		{8F78A0D3-096F-48FE-B0B2-F6E9FEA7A541}.Debug|x64.ActiveCfg = Debug|Any CPU
		{8F78A0D3-096F-48FE-B0B2-F6E9FEA7A541}.Debug|x64.Build.0 = Debug|Any CPU
		{8F78A0D3-096F-48FE-B0B2-F6E9FEA7A541}.Debug|x86.ActiveCfg = Debug|Any CPU
		{8F78A0D3-096F-48FE-B0B2-F6E9FEA7A541}.Debug|x86.Build.0 = Debug|Any CPU
		{8F78A0D3-096F-48FE-B0B2-F6E9FEA7A541}.Release|Any CPU.ActiveCfg = Release|Any CPU
		{8F78A0D3-096F-48FE-B0B2-F6E9FEA7A541}.Release|Any CPU.Build.0 = Release|Any CPU
		{8F78A0D3-096F-48FE-B0B2-F6E9FEA7A541}.Release|x64.ActiveCfg = Release|Any CPU
		{8F78A0D3-096F-48FE-B0B2-F6E9FEA7A541}.Release|x64.Build.0 = Release|Any CPU
		{8F78A0D3-096F-48FE-B0B2-F6E9FEA7A541}.Release|x86.ActiveCfg = Release|Any CPU
		{8F78A0D3-096F-48FE-B0B2-F6E9FEA7A541}.Release|x86.Build.0 = Release|Any CPU
		{1304D708-9347-4C63-B5B4-B4C06D84D2C0}.Debug|Any CPU.ActiveCfg = Debug|Any CPU
		{1304D708-9347-4C63-B5B4-B4C06D84D2C0}.Debug|Any CPU.Build.0 = Debug|Any CPU
		{1304D708-9347-4C63-B5B4-B4C06D84D2C0}.Debug|x64.ActiveCfg = Debug|Any CPU
		{1304D708-9347-4C63-B5B4-B4C06D84D2C0}.Debug|x64.Build.0 = Debug|Any CPU
		{1304D708-9347-4C63-B5B4-B4C06D84D2C0}.Debug|x86.ActiveCfg = Debug|Any CPU
		{1304D708-9347-4C63-B5B4-B4C06D84D2C0}.Debug|x86.Build.0 = Debug|Any CPU
		{1304D708-9347-4C63-B5B4-B4C06D84D2C0}.Release|Any CPU.ActiveCfg = Release|Any CPU
		{1304D708-9347-4C63-B5B4-B4C06D84D2C0}.Release|Any CPU.Build.0 = Release|Any CPU
		{1304D708-9347-4C63-B5B4-B4C06D84D2C0}.Release|x64.ActiveCfg = Release|Any CPU
		{1304D708-9347-4C63-B5B4-B4C06D84D2C0}.Release|x64.Build.0 = Release|Any CPU
		{1304D708-9347-4C63-B5B4-B4C06D84D2C0}.Release|x86.ActiveCfg = Release|Any CPU
		{1304D708-9347-4C63-B5B4-B4C06D84D2C0}.Release|x86.Build.0 = Release|Any CPU
	EndGlobalSection
	GlobalSection(SolutionProperties) = preSolution
		HideSolutionNode = FALSE
	EndGlobalSection
EndGlobal
